// !$*UTF8*$!
{
	archiveVersion = 1;
	classes = {
	};
	objectVersion = 56;
	objects = {

/* Begin PBXBuildFile section */
		21A658E229D05B7A001C8B3E /* ViewModel.swift in Sources */ = {isa = PBXBuildFile; fileRef = 21A658E129D05B7A001C8B3E /* ViewModel.swift */; };
		21A658E429D05B87001C8B3E /* ViewController.swift in Sources */ = {isa = PBXBuildFile; fileRef = 21A658E329D05B87001C8B3E /* ViewController.swift */; };
		21A658F129D08C75001C8B3E /* XViewController.swift in Sources */ = {isa = PBXBuildFile; fileRef = 21A658EF29D08C75001C8B3E /* XViewController.swift */; };
		21A658F229D08C75001C8B3E /* XViewModel.swift in Sources */ = {isa = PBXBuildFile; fileRef = 21A658F029D08C75001C8B3E /* XViewModel.swift */; };
		21ED49A029B771C500A80A0A /* AppDelegate.swift in Sources */ = {isa = PBXBuildFile; fileRef = 21ED499F29B771C500A80A0A /* AppDelegate.swift */; };
		21ED49A229B771C500A80A0A /* SceneDelegate.swift in Sources */ = {isa = PBXBuildFile; fileRef = 21ED49A129B771C500A80A0A /* SceneDelegate.swift */; };
		21ED49A729B771C500A80A0A /* Main.storyboard in Resources */ = {isa = PBXBuildFile; fileRef = 21ED49A529B771C500A80A0A /* Main.storyboard */; };
		21ED49A929B771C800A80A0A /* Assets.xcassets in Resources */ = {isa = PBXBuildFile; fileRef = 21ED49A829B771C800A80A0A /* Assets.xcassets */; };
		21ED49AC29B771C800A80A0A /* LaunchScreen.storyboard in Resources */ = {isa = PBXBuildFile; fileRef = 21ED49AA29B771C800A80A0A /* LaunchScreen.storyboard */; };
/* End PBXBuildFile section */

/* Begin PBXFileReference section */
		21A658E129D05B7A001C8B3E /* ViewModel.swift */ = {isa = PBXFileReference; lastKnownFileType = sourcecode.swift; path = ViewModel.swift; sourceTree = "<group>"; };
		21A658E329D05B87001C8B3E /* ViewController.swift */ = {isa = PBXFileReference; lastKnownFileType = sourcecode.swift; path = ViewController.swift; sourceTree = "<group>"; };
		21A658EF29D08C75001C8B3E /* XViewController.swift */ = {isa = PBXFileReference; lastKnownFileType = sourcecode.swift; path = XViewController.swift; sourceTree = "<group>"; };
		21A658F029D08C75001C8B3E /* XViewModel.swift */ = {isa = PBXFileReference; lastKnownFileType = sourcecode.swift; path = XViewModel.swift; sourceTree = "<group>"; };
		21ED499C29B771C500A80A0A /* Medium.app */ = {isa = PBXFileReference; explicitFileType = wrapper.application; includeInIndex = 0; path = Medium.app; sourceTree = BUILT_PRODUCTS_DIR; };
		21ED499F29B771C500A80A0A /* AppDelegate.swift */ = {isa = PBXFileReference; lastKnownFileType = sourcecode.swift; path = AppDelegate.swift; sourceTree = "<group>"; };
		21ED49A129B771C500A80A0A /* SceneDelegate.swift */ = {isa = PBXFileReference; lastKnownFileType = sourcecode.swift; path = SceneDelegate.swift; sourceTree = "<group>"; };
		21ED49A629B771C500A80A0A /* Base */ = {isa = PBXFileReference; lastKnownFileType = file.storyboard; name = Base; path = Base.lproj/Main.storyboard; sourceTree = "<group>"; };
		21ED49A829B771C800A80A0A /* Assets.xcassets */ = {isa = PBXFileReference; lastKnownFileType = folder.assetcatalog; path = Assets.xcassets; sourceTree = "<group>"; };
		21ED49AB29B771C800A80A0A /* Base */ = {isa = PBXFileReference; lastKnownFileType = file.storyboard; name = Base; path = Base.lproj/LaunchScreen.storyboard; sourceTree = "<group>"; };
		21ED49AD29B771C800A80A0A /* Info.plist */ = {isa = PBXFileReference; lastKnownFileType = text.plist.xml; path = Info.plist; sourceTree = "<group>"; };
/* End PBXFileReference section */

/* Begin PBXFrameworksBuildPhase section */
		21ED499929B771C500A80A0A /* Frameworks */ = {
			isa = PBXFrameworksBuildPhase;
			buildActionMask = 2147483647;
			files = (
			);
			runOnlyForDeploymentPostprocessing = 0;
		};
/* End PBXFrameworksBuildPhase section */

/* Begin PBXGroup section */
		21A658E929D08B81001C8B3E /* Base */ = {
			isa = PBXGroup;
			children = (
				21A658E329D05B87001C8B3E /* ViewController.swift */,
				21A658E129D05B7A001C8B3E /* ViewModel.swift */,
			);
			path = Base;
			sourceTree = "<group>";
		};
		21A658EA29D08B96001C8B3E /* Modules */ = {
			isa = PBXGroup;
			children = (
				21A658EF29D08C75001C8B3E /* XViewController.swift */,
				21A658F029D08C75001C8B3E /* XViewModel.swift */,
			);
			path = Modules;
			sourceTree = "<group>";
		};
		21ED499329B771C500A80A0A = {
			isa = PBXGroup;
			children = (
				21ED499E29B771C500A80A0A /* Medium */,
				21ED499D29B771C500A80A0A /* Products */,
			);
			sourceTree = "<group>";
		};
		21ED499D29B771C500A80A0A /* Products */ = {
			isa = PBXGroup;
			children = (
				21ED499C29B771C500A80A0A /* Medium.app */,
			);
			name = Products;
			sourceTree = "<group>";
		};
		21ED499E29B771C500A80A0A /* Medium */ = {
			isa = PBXGroup;
			children = (
				21A658E929D08B81001C8B3E /* Base */,
				21A658EA29D08B96001C8B3E /* Modules */,
				21ED499F29B771C500A80A0A /* AppDelegate.swift */,
				21ED49A129B771C500A80A0A /* SceneDelegate.swift */,
				21ED49A529B771C500A80A0A /* Main.storyboard */,
				21ED49A829B771C800A80A0A /* Assets.xcassets */,
				21ED49AA29B771C800A80A0A /* LaunchScreen.storyboard */,
				21ED49AD29B771C800A80A0A /* Info.plist */,
			);
			path = Medium;
			sourceTree = "<group>";
		};
/* End PBXGroup section */

/* Begin PBXNativeTarget section */
		21ED499B29B771C500A80A0A /* Medium */ = {
			isa = PBXNativeTarget;
			buildConfigurationList = 21ED49C629B771C800A80A0A /* Build configuration list for PBXNativeTarget "Medium" */;
			buildPhases = (
				21ED499829B771C500A80A0A /* Sources */,
				21ED499929B771C500A80A0A /* Frameworks */,
				21ED499A29B771C500A80A0A /* Resources */,
			);
			buildRules = (
			);
			dependencies = (
			);
			name = Medium;
			productName = Medium;
			productReference = 21ED499C29B771C500A80A0A /* Medium.app */;
			productType = "com.apple.product-type.application";
		};
/* End PBXNativeTarget section */

/* Begin PBXProject section */
		21ED499429B771C500A80A0A /* Project object */ = {
			isa = PBXProject;
			attributes = {
				BuildIndependentTargetsInParallel = 1;
				LastSwiftUpdateCheck = 1420;
				LastUpgradeCheck = 1420;
				TargetAttributes = {
					21ED499B29B771C500A80A0A = {
						CreatedOnToolsVersion = 14.2;
					};
				};
			};
			buildConfigurationList = 21ED499729B771C500A80A0A /* Build configuration list for PBXProject "Medium" */;
			compatibilityVersion = "Xcode 14.0";
			developmentRegion = en;
			hasScannedForEncodings = 0;
			knownRegions = (
				en,
				Base,
			);
			mainGroup = 21ED499329B771C500A80A0A;
			productRefGroup = 21ED499D29B771C500A80A0A /* Products */;
			projectDirPath = "";
			projectRoot = "";
			targets = (
				21ED499B29B771C500A80A0A /* Medium */,
			);
		};
/* End PBXProject section */

/* Begin PBXResourcesBuildPhase section */
		21ED499A29B771C500A80A0A /* Resources */ = {
			isa = PBXResourcesBuildPhase;
			buildActionMask = 2147483647;
			files = (
				21ED49AC29B771C800A80A0A /* LaunchScreen.storyboard in Resources */,
				21ED49A929B771C800A80A0A /* Assets.xcassets in Resources */,
				21ED49A729B771C500A80A0A /* Main.storyboard in Resources */,
			);
			runOnlyForDeploymentPostprocessing = 0;
		};
/* End PBXResourcesBuildPhase section */

/* Begin PBXSourcesBuildPhase section */
		21ED499829B771C500A80A0A /* Sources */ = {
			isa = PBXSourcesBuildPhase;
			buildActionMask = 2147483647;
			files = (
				21A658F129D08C75001C8B3E /* XViewController.swift in Sources */,
				21A658E429D05B87001C8B3E /* ViewController.swift in Sources */,
				21A658F229D08C75001C8B3E /* XViewModel.swift in Sources */,
				21ED49A029B771C500A80A0A /* AppDelegate.swift in Sources */,
				21A658E229D05B7A001C8B3E /* ViewModel.swift in Sources */,
				21ED49A229B771C500A80A0A /* SceneDelegate.swift in Sources */,
			);
			runOnlyForDeploymentPostprocessing = 0;
		};
/* End PBXSourcesBuildPhase section */

/* Begin PBXVariantGroup section */
		21ED49A529B771C500A80A0A /* Main.storyboard */ = {
			isa = PBXVariantGroup;
			children = (
				21ED49A629B771C500A80A0A /* Base */,
			);
			name = Main.storyboard;
			sourceTree = "<group>";
		};
		21ED49AA29B771C800A80A0A /* LaunchScreen.storyboard */ = {
			isa = PBXVariantGroup;
			children = (
				21ED49AB29B771C800A80A0A /* Base */,
			);
			name = LaunchScreen.storyboard;
			sourceTree = "<group>";
		};
/* End PBXVariantGroup section */

/* Begin XCBuildConfiguration section */
		21ED49C429B771C800A80A0A /* Debug */ = {
			isa = XCBuildConfiguration;
			buildSettings = {
				ALWAYS_SEARCH_USER_PATHS = NO;
				CLANG_ANALYZER_NONNULL = YES;
				CLANG_ANALYZER_NUMBER_OBJECT_CONVERSION = YES_AGGRESSIVE;
				CLANG_CXX_LANGUAGE_STANDARD = "gnu++20";
				CLANG_ENABLE_MODULES = YES;
				CLANG_ENABLE_OBJC_ARC = YES;
				CLANG_ENABLE_OBJC_WEAK = YES;
				CLANG_WARN_BLOCK_CAPTURE_AUTORELEASING = YES;
				CLANG_WARN_BOOL_CONVERSION = YES;
				CLANG_WARN_COMMA = YES;
				CLANG_WARN_CONSTANT_CONVERSION = YES;
				CLANG_WARN_DEPRECATED_OBJC_IMPLEMENTATIONS = YES;
				CLANG_WARN_DIRECT_OBJC_ISA_USAGE = YES_ERROR;
				CLANG_WARN_DOCUMENTATION_COMMENTS = YES;
				CLANG_WARN_EMPTY_BODY = YES;
				CLANG_WARN_ENUM_CONVERSION = YES;
				CLANG_WARN_INFINITE_RECURSION = YES;
				CLANG_WARN_INT_CONVERSION = YES;
				CLANG_WARN_NON_LITERAL_NULL_CONVERSION = YES;
				CLANG_WARN_OBJC_IMPLICIT_RETAIN_SELF = YES;
				CLANG_WARN_OBJC_LITERAL_CONVERSION = YES;
				CLANG_WARN_OBJC_ROOT_CLASS = YES_ERROR;
				CLANG_WARN_QUOTED_INCLUDE_IN_FRAMEWORK_HEADER = YES;
				CLANG_WARN_RANGE_LOOP_ANALYSIS = YES;
				CLANG_WARN_STRICT_PROTOTYPES = YES;
				CLANG_WARN_SUSPICIOUS_MOVE = YES;
				CLANG_WARN_UNGUARDED_AVAILABILITY = YES_AGGRESSIVE;
				CLANG_WARN_UNREACHABLE_CODE = YES;
				CLANG_WARN__DUPLICATE_METHOD_MATCH = YES;
				COPY_PHASE_STRIP = NO;
				DEBUG_INFORMATION_FORMAT = dwarf;
				ENABLE_STRICT_OBJC_MSGSEND = YES;
				ENABLE_TESTABILITY = YES;
				GCC_C_LANGUAGE_STANDARD = gnu11;
				GCC_DYNAMIC_NO_PIC = NO;
				GCC_NO_COMMON_BLOCKS = YES;
				GCC_OPTIMIZATION_LEVEL = 0;
				GCC_PREPROCESSOR_DEFINITIONS = (
					"DEBUG=1",
					"$(inherited)",
				);
				GCC_WARN_64_TO_32_BIT_CONVERSION = YES;
				GCC_WARN_ABOUT_RETURN_TYPE = YES_ERROR;
				GCC_WARN_UNDECLARED_SELECTOR = YES;
				GCC_WARN_UNINITIALIZED_AUTOS = YES_AGGRESSIVE;
				GCC_WARN_UNUSED_FUNCTION = YES;
				GCC_WARN_UNUSED_VARIABLE = YES;
				IPHONEOS_DEPLOYMENT_TARGET = 16.2;
				MTL_ENABLE_DEBUG_INFO = INCLUDE_SOURCE;
				MTL_FAST_MATH = YES;
				ONLY_ACTIVE_ARCH = YES;
				SDKROOT = iphoneos;
				SWIFT_ACTIVE_COMPILATION_CONDITIONS = DEBUG;
				SWIFT_OPTIMIZATION_LEVEL = "-Onone";
			};
			name = Debug;
		};
		21ED49C529B771C800A80A0A /* Release */ = {
			isa = XCBuildConfiguration;
			buildSettings = {
				ALWAYS_SEARCH_USER_PATHS = NO;
				CLANG_ANALYZER_NONNULL = YES;
				CLANG_ANALYZER_NUMBER_OBJECT_CONVERSION = YES_AGGRESSIVE;
				CLANG_CXX_LANGUAGE_STANDARD = "gnu++20";
				CLANG_ENABLE_MODULES = YES;
				CLANG_ENABLE_OBJC_ARC = YES;
				CLANG_ENABLE_OBJC_WEAK = YES;
				CLANG_WARN_BLOCK_CAPTURE_AUTORELEASING = YES;
				CLANG_WARN_BOOL_CONVERSION = YES;
				CLANG_WARN_COMMA = YES;
				CLANG_WARN_CONSTANT_CONVERSION = YES;
				CLANG_WARN_DEPRECATED_OBJC_IMPLEMENTATIONS = YES;
				CLANG_WARN_DIRECT_OBJC_ISA_USAGE = YES_ERROR;
				CLANG_WARN_DOCUMENTATION_COMMENTS = YES;
				CLANG_WARN_EMPTY_BODY = YES;
				CLANG_WARN_ENUM_CONVERSION = YES;
				CLANG_WARN_INFINITE_RECURSION = YES;
				CLANG_WARN_INT_CONVERSION = YES;
				CLANG_WARN_NON_LITERAL_NULL_CONVERSION = YES;
				CLANG_WARN_OBJC_IMPLICIT_RETAIN_SELF = YES;
				CLANG_WARN_OBJC_LITERAL_CONVERSION = YES;
				CLANG_WARN_OBJC_ROOT_CLASS = YES_ERROR;
				CLANG_WARN_QUOTED_INCLUDE_IN_FRAMEWORK_HEADER = YES;
				CLANG_WARN_RANGE_LOOP_ANALYSIS = YES;
				CLANG_WARN_STRICT_PROTOTYPES = YES;
				CLANG_WARN_SUSPICIOUS_MOVE = YES;
				CLANG_WARN_UNGUARDED_AVAILABILITY = YES_AGGRESSIVE;
				CLANG_WARN_UNREACHABLE_CODE = YES;
				CLANG_WARN__DUPLICATE_METHOD_MATCH = YES;
				COPY_PHASE_STRIP = NO;
				DEBUG_INFORMATION_FORMAT = "dwarf-with-dsym";
				ENABLE_NS_ASSERTIONS = NO;
				ENABLE_STRICT_OBJC_MSGSEND = YES;
				GCC_C_LANGUAGE_STANDARD = gnu11;
				GCC_NO_COMMON_BLOCKS = YES;
				GCC_WARN_64_TO_32_BIT_CONVERSION = YES;
				GCC_WARN_ABOUT_RETURN_TYPE = YES_ERROR;
				GCC_WARN_UNDECLARED_SELECTOR = YES;
				GCC_WARN_UNINITIALIZED_AUTOS = YES_AGGRESSIVE;
				GCC_WARN_UNUSED_FUNCTION = YES;
				GCC_WARN_UNUSED_VARIABLE = YES;
				IPHONEOS_DEPLOYMENT_TARGET = 16.2;
				MTL_ENABLE_DEBUG_INFO = NO;
				MTL_FAST_MATH = YES;
				SDKROOT = iphoneos;
				SWIFT_COMPILATION_MODE = wholemodule;
				SWIFT_OPTIMIZATION_LEVEL = "-O";
				VALIDATE_PRODUCT = YES;
			};
			name = Release;
		};
		21ED49C729B771C800A80A0A /* Debug */ = {
			isa = XCBuildConfiguration;
			buildSettings = {
				ASSETCATALOG_COMPILER_APPICON_NAME = AppIcon;
				ASSETCATALOG_COMPILER_GLOBAL_ACCENT_COLOR_NAME = AccentColor;
				CODE_SIGN_STYLE = Automatic;
				CURRENT_PROJECT_VERSION = 1;
				GENERATE_INFOPLIST_FILE = YES;
				INFOPLIST_FILE = Medium/Info.plist;
				INFOPLIST_KEY_UIApplicationSupportsIndirectInputEvents = YES;
				INFOPLIST_KEY_UILaunchStoryboardName = LaunchScreen;
				INFOPLIST_KEY_UIMainStoryboardFile = Main;
				INFOPLIST_KEY_UISupportedInterfaceOrientations_iPad = "UIInterfaceOrientationPortrait UIInterfaceOrientationPortraitUpsideDown UIInterfaceOrientationLandscapeLeft UIInterfaceOrientationLandscapeRight";
				INFOPLIST_KEY_UISupportedInterfaceOrientations_iPhone = "UIInterfaceOrientationPortrait UIInterfaceOrientationLandscapeLeft UIInterfaceOrientationLandscapeRight";
				LD_RUNPATH_SEARCH_PATHS = (
					"$(inherited)",
					"@executable_path/Frameworks",
				);
				MARKETING_VERSION = 1.0;
				PRODUCT_BUNDLE_IDENTIFIER = com.gokhanalp.Medium;
				PRODUCT_NAME = "$(TARGET_NAME)";
				SWIFT_EMIT_LOC_STRINGS = YES;
				SWIFT_VERSION = 5.0;
				TARGETED_DEVICE_FAMILY = "1,2";
			};
			name = Debug;
		};
		21ED49C829B771C800A80A0A /* Release */ = {
			isa = XCBuildConfiguration;
			buildSettings = {
				ASSETCATALOG_COMPILER_APPICON_NAME = AppIcon;
				ASSETCATALOG_COMPILER_GLOBAL_ACCENT_COLOR_NAME = AccentColor;
				CODE_SIGN_STYLE = Automatic;
				CURRENT_PROJECT_VERSION = 1;
				GENERATE_INFOPLIST_FILE = YES;
				INFOPLIST_FILE = Medium/Info.plist;
				INFOPLIST_KEY_UIApplicationSupportsIndirectInputEvents = YES;
				INFOPLIST_KEY_UILaunchStoryboardName = LaunchScreen;
				INFOPLIST_KEY_UIMainStoryboardFile = Main;
				INFOPLIST_KEY_UISupportedInterfaceOrientations_iPad = "UIInterfaceOrientationPortrait UIInterfaceOrientationPortraitUpsideDown UIInterfaceOrientationLandscapeLeft UIInterfaceOrientationLandscapeRight";
				INFOPLIST_KEY_UISupportedInterfaceOrientations_iPhone = "UIInterfaceOrientationPortrait UIInterfaceOrientationLandscapeLeft UIInterfaceOrientationLandscapeRight";
				LD_RUNPATH_SEARCH_PATHS = (
					"$(inherited)",
					"@executable_path/Frameworks",
				);
				MARKETING_VERSION = 1.0;
				PRODUCT_BUNDLE_IDENTIFIER = com.gokhanalp.Medium;
				PRODUCT_NAME = "$(TARGET_NAME)";
				SWIFT_EMIT_LOC_STRINGS = YES;
				SWIFT_VERSION = 5.0;
				TARGETED_DEVICE_FAMILY = "1,2";
			};
			name = Release;
		};
/* End XCBuildConfiguration section */

/* Begin XCConfigurationList section */
		21ED499729B771C500A80A0A /* Build configuration list for PBXProject "Medium" */ = {
			isa = XCConfigurationList;
			buildConfigurations = (
				21ED49C429B771C800A80A0A /* Debug */,
				21ED49C529B771C800A80A0A /* Release */,
			);
			defaultConfigurationIsVisible = 0;
			defaultConfigurationName = Release;
		};
		21ED49C629B771C800A80A0A /* Build configuration list for PBXNativeTarget "Medium" */ = {
			isa = XCConfigurationList;
			buildConfigurations = (
				21ED49C729B771C800A80A0A /* Debug */,
				21ED49C829B771C800A80A0A /* Release */,
			);
			defaultConfigurationIsVisible = 0;
			defaultConfigurationName = Release;
		};
/* End XCConfigurationList section */
	};
	rootObject = 21ED499429B771C500A80A0A /* Project object */;
}
